{
    "name": "sample",
    "version": "0.0.0",
    "lockfileVersion": 1,
    "requires": true,
    "dependencies": {
        "@tobi462/hello": {
            "version": "0.0.3",
            "resolved": "https://registry.npmjs.org/@tobi462/hello/-/hello-0.0.3.tgz",
            "integrity": "sha512-x17L8224ns849+3KEZPBDXRqMAmkj9uMZ0F4UxLYIcdmUmxd1sGPzSMhpQn/yDxJ93XWqfQZzKJ7Ux9UOIhRJA=="
        }
    }
}
