// !$*UTF8*$!
{
	archiveVersion = 1;
	classes = {
	};
	objectVersion = 46;
	objects = {

/* Begin PBXBuildFile section */
		70ACC1D81BA9B65F001E9F89 /* SwiftOptionalScratch.h in Headers */ = {isa = PBXBuildFile; fileRef = 70ACC1D71BA9B65F001E9F89 /* SwiftOptionalScratch.h */; settings = {ATTRIBUTES = (Public, ); }; };
		70ACC1DF1BA9B660001E9F89 /* SwiftOptionalScratch.framework in Frameworks */ = {isa = PBXBuildFile; fileRef = 70ACC1D41BA9B65F001E9F89 /* SwiftOptionalScratch.framework */; };
		70ACC1EF1BA9B699001E9F89 /* Option.swift in Sources */ = {isa = PBXBuildFile; fileRef = 70ACC1EE1BA9B699001E9F89 /* Option.swift */; };
		70ACC1F11BA9B70F001E9F89 /* OptionTest.swift in Sources */ = {isa = PBXBuildFile; fileRef = 70ACC1F01BA9B70F001E9F89 /* OptionTest.swift */; };
/* End PBXBuildFile section */

/* Begin PBXContainerItemProxy section */
		70ACC1E01BA9B660001E9F89 /* PBXContainerItemProxy */ = {
			isa = PBXContainerItemProxy;
			containerPortal = 70ACC1CB1BA9B65F001E9F89 /* Project object */;
			proxyType = 1;
			remoteGlobalIDString = 70ACC1D31BA9B65F001E9F89;
			remoteInfo = SwiftOptionalScratch;
		};
/* End PBXContainerItemProxy section */

/* Begin PBXFileReference section */
		70ACC1D41BA9B65F001E9F89 /* SwiftOptionalScratch.framework */ = {isa = PBXFileReference; explicitFileType = wrapper.framework; includeInIndex = 0; path = SwiftOptionalScratch.framework; sourceTree = BUILT_PRODUCTS_DIR; };
		70ACC1D71BA9B65F001E9F89 /* SwiftOptionalScratch.h */ = {isa = PBXFileReference; lastKnownFileType = sourcecode.c.h; path = SwiftOptionalScratch.h; sourceTree = "<group>"; };
		70ACC1D91BA9B65F001E9F89 /* Info.plist */ = {isa = PBXFileReference; lastKnownFileType = text.plist.xml; path = Info.plist; sourceTree = "<group>"; };
		70ACC1DE1BA9B660001E9F89 /* SwiftOptionalScratchTests.xctest */ = {isa = PBXFileReference; explicitFileType = wrapper.cfbundle; includeInIndex = 0; path = SwiftOptionalScratchTests.xctest; sourceTree = BUILT_PRODUCTS_DIR; };
		70ACC1E51BA9B660001E9F89 /* Info.plist */ = {isa = PBXFileReference; lastKnownFileType = text.plist.xml; path = Info.plist; sourceTree = "<group>"; };
		70ACC1EE1BA9B699001E9F89 /* Option.swift */ = {isa = PBXFileReference; fileEncoding = 4; lastKnownFileType = sourcecode.swift; path = Option.swift; sourceTree = "<group>"; };
		70ACC1F01BA9B70F001E9F89 /* OptionTest.swift */ = {isa = PBXFileReference; fileEncoding = 4; lastKnownFileType = sourcecode.swift; path = OptionTest.swift; sourceTree = "<group>"; };
/* End PBXFileReference section */

/* Begin PBXFrameworksBuildPhase section */
		70ACC1D01BA9B65F001E9F89 /* Frameworks */ = {
			isa = PBXFrameworksBuildPhase;
			buildActionMask = 2147483647;
			files = (
			);
			runOnlyForDeploymentPostprocessing = 0;
		};
		70ACC1DB1BA9B660001E9F89 /* Frameworks */ = {
			isa = PBXFrameworksBuildPhase;
			buildActionMask = 2147483647;
			files = (
				70ACC1DF1BA9B660001E9F89 /* SwiftOptionalScratch.framework in Frameworks */,
			);
			runOnlyForDeploymentPostprocessing = 0;
		};
/* End PBXFrameworksBuildPhase section */

/* Begin PBXGroup section */
		70ACC1CA1BA9B65F001E9F89 = {
			isa = PBXGroup;
			children = (
				70ACC1D61BA9B65F001E9F89 /* SwiftOptionalScratch */,
				70ACC1E21BA9B660001E9F89 /* SwiftOptionalScratchTests */,
				70ACC1D51BA9B65F001E9F89 /* Products */,
			);
			sourceTree = "<group>";
		};
		70ACC1D51BA9B65F001E9F89 /* Products */ = {
			isa = PBXGroup;
			children = (
				70ACC1D41BA9B65F001E9F89 /* SwiftOptionalScratch.framework */,
				70ACC1DE1BA9B660001E9F89 /* SwiftOptionalScratchTests.xctest */,
			);
			name = Products;
			sourceTree = "<group>";
		};
		70ACC1D61BA9B65F001E9F89 /* SwiftOptionalScratch */ = {
			isa = PBXGroup;
			children = (
				70ACC1D71BA9B65F001E9F89 /* SwiftOptionalScratch.h */,
				70ACC1D91BA9B65F001E9F89 /* Info.plist */,
				70ACC1EE1BA9B699001E9F89 /* Option.swift */,
			);
			path = SwiftOptionalScratch;
			sourceTree = "<group>";
		};
		70ACC1E21BA9B660001E9F89 /* SwiftOptionalScratchTests */ = {
			isa = PBXGroup;
			children = (
				70ACC1E51BA9B660001E9F89 /* Info.plist */,
				70ACC1F01BA9B70F001E9F89 /* OptionTest.swift */,
			);
			path = SwiftOptionalScratchTests;
			sourceTree = "<group>";
		};
/* End PBXGroup section */

/* Begin PBXHeadersBuildPhase section */
		70ACC1D11BA9B65F001E9F89 /* Headers */ = {
			isa = PBXHeadersBuildPhase;
			buildActionMask = 2147483647;
			files = (
				70ACC1D81BA9B65F001E9F89 /* SwiftOptionalScratch.h in Headers */,
			);
			runOnlyForDeploymentPostprocessing = 0;
		};
/* End PBXHeadersBuildPhase section */

/* Begin PBXNativeTarget section */
		70ACC1D31BA9B65F001E9F89 /* SwiftOptionalScratch */ = {
			isa = PBXNativeTarget;
			buildConfigurationList = 70ACC1E81BA9B660001E9F89 /* Build configuration list for PBXNativeTarget "SwiftOptionalScratch" */;
			buildPhases = (
				70ACC1CF1BA9B65F001E9F89 /* Sources */,
				70ACC1D01BA9B65F001E9F89 /* Frameworks */,
				70ACC1D11BA9B65F001E9F89 /* Headers */,
				70ACC1D21BA9B65F001E9F89 /* Resources */,
			);
			buildRules = (
			);
			dependencies = (
			);
			name = SwiftOptionalScratch;
			productName = SwiftOptionalScratch;
			productReference = 70ACC1D41BA9B65F001E9F89 /* SwiftOptionalScratch.framework */;
			productType = "com.apple.product-type.framework";
		};
		70ACC1DD1BA9B660001E9F89 /* SwiftOptionalScratchTests */ = {
			isa = PBXNativeTarget;
			buildConfigurationList = 70ACC1EB1BA9B660001E9F89 /* Build configuration list for PBXNativeTarget "SwiftOptionalScratchTests" */;
			buildPhases = (
				70ACC1DA1BA9B660001E9F89 /* Sources */,
				70ACC1DB1BA9B660001E9F89 /* Frameworks */,
				70ACC1DC1BA9B660001E9F89 /* Resources */,
			);
			buildRules = (
			);
			dependencies = (
				70ACC1E11BA9B660001E9F89 /* PBXTargetDependency */,
			);
			name = SwiftOptionalScratchTests;
			productName = SwiftOptionalScratchTests;
			productReference = 70ACC1DE1BA9B660001E9F89 /* SwiftOptionalScratchTests.xctest */;
			productType = "com.apple.product-type.bundle.unit-test";
		};
/* End PBXNativeTarget section */

/* Begin PBXProject section */
		70ACC1CB1BA9B65F001E9F89 /* Project object */ = {
			isa = PBXProject;
			attributes = {
				LastSwiftUpdateCheck = 0700;
				LastUpgradeCheck = 0700;
				ORGANIZATIONNAME = Yusuke;
				TargetAttributes = {
					70ACC1D31BA9B65F001E9F89 = {
						CreatedOnToolsVersion = 7.0;
						DevelopmentTeam = P437HSA6PY;
						LastSwiftMigration = 0820;
					};
					70ACC1DD1BA9B660001E9F89 = {
						CreatedOnToolsVersion = 7.0;
						DevelopmentTeam = P437HSA6PY;
						LastSwiftMigration = 0820;
					};
				};
			};
			buildConfigurationList = 70ACC1CE1BA9B65F001E9F89 /* Build configuration list for PBXProject "SwiftOptionalScratch" */;
			compatibilityVersion = "Xcode 3.2";
			developmentRegion = English;
			hasScannedForEncodings = 0;
			knownRegions = (
				en,
			);
			mainGroup = 70ACC1CA1BA9B65F001E9F89;
			productRefGroup = 70ACC1D51BA9B65F001E9F89 /* Products */;
			projectDirPath = "";
			projectRoot = "";
			targets = (
				70ACC1D31BA9B65F001E9F89 /* SwiftOptionalScratch */,
				70ACC1DD1BA9B660001E9F89 /* SwiftOptionalScratchTests */,
			);
		};
/* End PBXProject section */

/* Begin PBXResourcesBuildPhase section */
		70ACC1D21BA9B65F001E9F89 /* Resources */ = {
			isa = PBXResourcesBuildPhase;
			buildActionMask = 2147483647;
			files = (
			);
			runOnlyForDeploymentPostprocessing = 0;
		};
		70ACC1DC1BA9B660001E9F89 /* Resources */ = {
			isa = PBXResourcesBuildPhase;
			buildActionMask = 2147483647;
			files = (
			);
			runOnlyForDeploymentPostprocessing = 0;
		};
/* End PBXResourcesBuildPhase section */

/* Begin PBXSourcesBuildPhase section */
		70ACC1CF1BA9B65F001E9F89 /* Sources */ = {
			isa = PBXSourcesBuildPhase;
			buildActionMask = 2147483647;
			files = (
				70ACC1EF1BA9B699001E9F89 /* Option.swift in Sources */,
			);
			runOnlyForDeploymentPostprocessing = 0;
		};
		70ACC1DA1BA9B660001E9F89 /* Sources */ = {
			isa = PBXSourcesBuildPhase;
			buildActionMask = 2147483647;
			files = (
				70ACC1F11BA9B70F001E9F89 /* OptionTest.swift in Sources */,
			);
			runOnlyForDeploymentPostprocessing = 0;
		};
/* End PBXSourcesBuildPhase section */

/* Begin PBXTargetDependency section */
		70ACC1E11BA9B660001E9F89 /* PBXTargetDependency */ = {
			isa = PBXTargetDependency;
			target = 70ACC1D31BA9B65F001E9F89 /* SwiftOptionalScratch */;
			targetProxy = 70ACC1E01BA9B660001E9F89 /* PBXContainerItemProxy */;
		};
/* End PBXTargetDependency section */

/* Begin XCBuildConfiguration section */
		70ACC1E61BA9B660001E9F89 /* Debug */ = {
			isa = XCBuildConfiguration;
			buildSettings = {
				ALWAYS_SEARCH_USER_PATHS = NO;
				CLANG_CXX_LANGUAGE_STANDARD = "gnu++0x";
				CLANG_CXX_LIBRARY = "libc++";
				CLANG_ENABLE_MODULES = YES;
				CLANG_ENABLE_OBJC_ARC = YES;
				CLANG_WARN_BOOL_CONVERSION = YES;
				CLANG_WARN_CONSTANT_CONVERSION = YES;
				CLANG_WARN_DIRECT_OBJC_ISA_USAGE = YES_ERROR;
				CLANG_WARN_EMPTY_BODY = YES;
				CLANG_WARN_ENUM_CONVERSION = YES;
				CLANG_WARN_INT_CONVERSION = YES;
				CLANG_WARN_OBJC_ROOT_CLASS = YES_ERROR;
				CLANG_WARN_UNREACHABLE_CODE = YES;
				CLANG_WARN__DUPLICATE_METHOD_MATCH = YES;
				"CODE_SIGN_IDENTITY[sdk=iphoneos*]" = "iPhone Developer";
				COPY_PHASE_STRIP = NO;
				CURRENT_PROJECT_VERSION = 1;
				DEBUG_INFORMATION_FORMAT = dwarf;
				ENABLE_STRICT_OBJC_MSGSEND = YES;
				ENABLE_TESTABILITY = YES;
				GCC_C_LANGUAGE_STANDARD = gnu99;
				GCC_DYNAMIC_NO_PIC = NO;
				GCC_NO_COMMON_BLOCKS = YES;
				GCC_OPTIMIZATION_LEVEL = 0;
				GCC_PREPROCESSOR_DEFINITIONS = (
					"DEBUG=1",
					"$(inherited)",
				);
				GCC_WARN_64_TO_32_BIT_CONVERSION = YES;
				GCC_WARN_ABOUT_RETURN_TYPE = YES_ERROR;
				GCC_WARN_UNDECLARED_SELECTOR = YES;
				GCC_WARN_UNINITIALIZED_AUTOS = YES_AGGRESSIVE;
				GCC_WARN_UNUSED_FUNCTION = YES;
				GCC_WARN_UNUSED_VARIABLE = YES;
				IPHONEOS_DEPLOYMENT_TARGET = 9.0;
				MTL_ENABLE_DEBUG_INFO = YES;
				ONLY_ACTIVE_ARCH = YES;
				SDKROOT = iphoneos;
				SWIFT_OPTIMIZATION_LEVEL = "-Onone";
				TARGETED_DEVICE_FAMILY = "1,2";
				VERSIONING_SYSTEM = "apple-generic";
				VERSION_INFO_PREFIX = "";
			};
			name = Debug;
		};
		70ACC1E71BA9B660001E9F89 /* Release */ = {
			isa = XCBuildConfiguration;
			buildSettings = {
				ALWAYS_SEARCH_USER_PATHS = NO;
				CLANG_CXX_LANGUAGE_STANDARD = "gnu++0x";
				CLANG_CXX_LIBRARY = "libc++";
				CLANG_ENABLE_MODULES = YES;
				CLANG_ENABLE_OBJC_ARC = YES;
				CLANG_WARN_BOOL_CONVERSION = YES;
				CLANG_WARN_CONSTANT_CONVERSION = YES;
				CLANG_WARN_DIRECT_OBJC_ISA_USAGE = YES_ERROR;
				CLANG_WARN_EMPTY_BODY = YES;
				CLANG_WARN_ENUM_CONVERSION = YES;
				CLANG_WARN_INT_CONVERSION = YES;
				CLANG_WARN_OBJC_ROOT_CLASS = YES_ERROR;
				CLANG_WARN_UNREACHABLE_CODE = YES;
				CLANG_WARN__DUPLICATE_METHOD_MATCH = YES;
				"CODE_SIGN_IDENTITY[sdk=iphoneos*]" = "iPhone Developer";
				COPY_PHASE_STRIP = NO;
				CURRENT_PROJECT_VERSION = 1;
				DEBUG_INFORMATION_FORMAT = "dwarf-with-dsym";
				ENABLE_NS_ASSERTIONS = NO;
				ENABLE_STRICT_OBJC_MSGSEND = YES;
				GCC_C_LANGUAGE_STANDARD = gnu99;
				GCC_NO_COMMON_BLOCKS = YES;
				GCC_WARN_64_TO_32_BIT_CONVERSION = YES;
				GCC_WARN_ABOUT_RETURN_TYPE = YES_ERROR;
				GCC_WARN_UNDECLARED_SELECTOR = YES;
				GCC_WARN_UNINITIALIZED_AUTOS = YES_AGGRESSIVE;
				GCC_WARN_UNUSED_FUNCTION = YES;
				GCC_WARN_UNUSED_VARIABLE = YES;
				IPHONEOS_DEPLOYMENT_TARGET = 9.0;
				MTL_ENABLE_DEBUG_INFO = NO;
				SDKROOT = iphoneos;
				TARGETED_DEVICE_FAMILY = "1,2";
				VALIDATE_PRODUCT = YES;
				VERSIONING_SYSTEM = "apple-generic";
				VERSION_INFO_PREFIX = "";
			};
			name = Release;
		};
		70ACC1E91BA9B660001E9F89 /* Debug */ = {
			isa = XCBuildConfiguration;
			buildSettings = {
				CLANG_ENABLE_MODULES = YES;
				DEFINES_MODULE = YES;
				DYLIB_COMPATIBILITY_VERSION = 1;
				DYLIB_CURRENT_VERSION = 1;
				DYLIB_INSTALL_NAME_BASE = "@rpath";
				INFOPLIST_FILE = SwiftOptionalScratch/Info.plist;
				INSTALL_PATH = "$(LOCAL_LIBRARY_DIR)/Frameworks";
				LD_RUNPATH_SEARCH_PATHS = "$(inherited) @executable_path/Frameworks @loader_path/Frameworks";
				PRODUCT_BUNDLE_IDENTIFIER = edu.self.SwiftOptionalScratch;
				PRODUCT_NAME = "$(TARGET_NAME)";
				SKIP_INSTALL = YES;
				SWIFT_OPTIMIZATION_LEVEL = "-Onone";
				SWIFT_VERSION = 3.0;
			};
			name = Debug;
		};
		70ACC1EA1BA9B660001E9F89 /* Release */ = {
			isa = XCBuildConfiguration;
			buildSettings = {
				CLANG_ENABLE_MODULES = YES;
				DEFINES_MODULE = YES;
				DYLIB_COMPATIBILITY_VERSION = 1;
				DYLIB_CURRENT_VERSION = 1;
				DYLIB_INSTALL_NAME_BASE = "@rpath";
				INFOPLIST_FILE = SwiftOptionalScratch/Info.plist;
				INSTALL_PATH = "$(LOCAL_LIBRARY_DIR)/Frameworks";
				LD_RUNPATH_SEARCH_PATHS = "$(inherited) @executable_path/Frameworks @loader_path/Frameworks";
				PRODUCT_BUNDLE_IDENTIFIER = edu.self.SwiftOptionalScratch;
				PRODUCT_NAME = "$(TARGET_NAME)";
				SKIP_INSTALL = YES;
				SWIFT_VERSION = 3.0;
			};
			name = Release;
		};
		70ACC1EC1BA9B660001E9F89 /* Debug */ = {
			isa = XCBuildConfiguration;
			buildSettings = {
				INFOPLIST_FILE = SwiftOptionalScratchTests/Info.plist;
				LD_RUNPATH_SEARCH_PATHS = "$(inherited) @executable_path/Frameworks @loader_path/Frameworks";
				PRODUCT_BUNDLE_IDENTIFIER = edu.self.SwiftOptionalScratchTests;
				PRODUCT_NAME = "$(TARGET_NAME)";
				SWIFT_VERSION = 3.0;
			};
			name = Debug;
		};
		70ACC1ED1BA9B660001E9F89 /* Release */ = {
			isa = XCBuildConfiguration;
			buildSettings = {
				INFOPLIST_FILE = SwiftOptionalScratchTests/Info.plist;
				LD_RUNPATH_SEARCH_PATHS = "$(inherited) @executable_path/Frameworks @loader_path/Frameworks";
				PRODUCT_BUNDLE_IDENTIFIER = edu.self.SwiftOptionalScratchTests;
				PRODUCT_NAME = "$(TARGET_NAME)";
				SWIFT_VERSION = 3.0;
			};
			name = Release;
		};
/* End XCBuildConfiguration section */

/* Begin XCConfigurationList section */
		70ACC1CE1BA9B65F001E9F89 /* Build configuration list for PBXProject "SwiftOptionalScratch" */ = {
			isa = XCConfigurationList;
			buildConfigurations = (
				70ACC1E61BA9B660001E9F89 /* Debug */,
				70ACC1E71BA9B660001E9F89 /* Release */,
			);
			defaultConfigurationIsVisible = 0;
			defaultConfigurationName = Release;
		};
		70ACC1E81BA9B660001E9F89 /* Build configuration list for PBXNativeTarget "SwiftOptionalScratch" */ = {
			isa = XCConfigurationList;
			buildConfigurations = (
				70ACC1E91BA9B660001E9F89 /* Debug */,
				70ACC1EA1BA9B660001E9F89 /* Release */,
			);
			defaultConfigurationIsVisible = 0;
			defaultConfigurationName = Release;
		};
		70ACC1EB1BA9B660001E9F89 /* Build configuration list for PBXNativeTarget "SwiftOptionalScratchTests" */ = {
			isa = XCConfigurationList;
			buildConfigurations = (
				70ACC1EC1BA9B660001E9F89 /* Debug */,
				70ACC1ED1BA9B660001E9F89 /* Release */,
			);
			defaultConfigurationIsVisible = 0;
			defaultConfigurationName = Release;
		};
/* End XCConfigurationList section */
	};
	rootObject = 70ACC1CB1BA9B65F001E9F89 /* Project object */;
}
