// !$*UTF8*$!
{
	archiveVersion = 1;
	classes = {
	};
	objectVersion = 46;
	objects = {

/* Begin PBXBuildFile section */
		70F133B21AACF0A600BB4CF9 /* AppDelegate.swift in Sources */ = {isa = PBXBuildFile; fileRef = 70F133B11AACF0A600BB4CF9 /* AppDelegate.swift */; };
		70F133B41AACF0A600BB4CF9 /* ViewController.swift in Sources */ = {isa = PBXBuildFile; fileRef = 70F133B31AACF0A600BB4CF9 /* ViewController.swift */; };
		70F133B71AACF0A600BB4CF9 /* Main.storyboard in Resources */ = {isa = PBXBuildFile; fileRef = 70F133B51AACF0A600BB4CF9 /* Main.storyboard */; };
		70F133B91AACF0A600BB4CF9 /* Images.xcassets in Resources */ = {isa = PBXBuildFile; fileRef = 70F133B81AACF0A600BB4CF9 /* Images.xcassets */; };
		70F133BC1AACF0A600BB4CF9 /* LaunchScreen.xib in Resources */ = {isa = PBXBuildFile; fileRef = 70F133BA1AACF0A600BB4CF9 /* LaunchScreen.xib */; };
		70F133C81AACF0A600BB4CF9 /* LiveRenderTests.swift in Sources */ = {isa = PBXBuildFile; fileRef = 70F133C71AACF0A600BB4CF9 /* LiveRenderTests.swift */; };
		70F133D21AACF0BD00BB4CF9 /* RenderView.swift in Sources */ = {isa = PBXBuildFile; fileRef = 70F133D11AACF0BD00BB4CF9 /* RenderView.swift */; };
/* End PBXBuildFile section */

/* Begin PBXContainerItemProxy section */
		70F133C21AACF0A600BB4CF9 /* PBXContainerItemProxy */ = {
			isa = PBXContainerItemProxy;
			containerPortal = 70F133A41AACF0A600BB4CF9 /* Project object */;
			proxyType = 1;
			remoteGlobalIDString = 70F133AB1AACF0A600BB4CF9;
			remoteInfo = LiveRender;
		};
/* End PBXContainerItemProxy section */

/* Begin PBXFileReference section */
		70F133AC1AACF0A600BB4CF9 /* LiveRender.app */ = {isa = PBXFileReference; explicitFileType = wrapper.application; includeInIndex = 0; path = LiveRender.app; sourceTree = BUILT_PRODUCTS_DIR; };
		70F133B01AACF0A600BB4CF9 /* Info.plist */ = {isa = PBXFileReference; lastKnownFileType = text.plist.xml; path = Info.plist; sourceTree = "<group>"; };
		70F133B11AACF0A600BB4CF9 /* AppDelegate.swift */ = {isa = PBXFileReference; lastKnownFileType = sourcecode.swift; path = AppDelegate.swift; sourceTree = "<group>"; };
		70F133B31AACF0A600BB4CF9 /* ViewController.swift */ = {isa = PBXFileReference; lastKnownFileType = sourcecode.swift; path = ViewController.swift; sourceTree = "<group>"; };
		70F133B61AACF0A600BB4CF9 /* Base */ = {isa = PBXFileReference; lastKnownFileType = file.storyboard; name = Base; path = Base.lproj/Main.storyboard; sourceTree = "<group>"; };
		70F133B81AACF0A600BB4CF9 /* Images.xcassets */ = {isa = PBXFileReference; lastKnownFileType = folder.assetcatalog; path = Images.xcassets; sourceTree = "<group>"; };
		70F133BB1AACF0A600BB4CF9 /* Base */ = {isa = PBXFileReference; lastKnownFileType = file.xib; name = Base; path = Base.lproj/LaunchScreen.xib; sourceTree = "<group>"; };
		70F133C11AACF0A600BB4CF9 /* LiveRenderTests.xctest */ = {isa = PBXFileReference; explicitFileType = wrapper.cfbundle; includeInIndex = 0; path = LiveRenderTests.xctest; sourceTree = BUILT_PRODUCTS_DIR; };
		70F133C61AACF0A600BB4CF9 /* Info.plist */ = {isa = PBXFileReference; lastKnownFileType = text.plist.xml; path = Info.plist; sourceTree = "<group>"; };
		70F133C71AACF0A600BB4CF9 /* LiveRenderTests.swift */ = {isa = PBXFileReference; lastKnownFileType = sourcecode.swift; path = LiveRenderTests.swift; sourceTree = "<group>"; };
		70F133D11AACF0BD00BB4CF9 /* RenderView.swift */ = {isa = PBXFileReference; fileEncoding = 4; lastKnownFileType = sourcecode.swift; path = RenderView.swift; sourceTree = "<group>"; };
/* End PBXFileReference section */

/* Begin PBXFrameworksBuildPhase section */
		70F133A91AACF0A600BB4CF9 /* Frameworks */ = {
			isa = PBXFrameworksBuildPhase;
			buildActionMask = 2147483647;
			files = (
			);
			runOnlyForDeploymentPostprocessing = 0;
		};
		70F133BE1AACF0A600BB4CF9 /* Frameworks */ = {
			isa = PBXFrameworksBuildPhase;
			buildActionMask = 2147483647;
			files = (
			);
			runOnlyForDeploymentPostprocessing = 0;
		};
/* End PBXFrameworksBuildPhase section */

/* Begin PBXGroup section */
		70F133A31AACF0A600BB4CF9 = {
			isa = PBXGroup;
			children = (
				70F133AE1AACF0A600BB4CF9 /* LiveRender */,
				70F133C41AACF0A600BB4CF9 /* LiveRenderTests */,
				70F133AD1AACF0A600BB4CF9 /* Products */,
			);
			sourceTree = "<group>";
		};
		70F133AD1AACF0A600BB4CF9 /* Products */ = {
			isa = PBXGroup;
			children = (
				70F133AC1AACF0A600BB4CF9 /* LiveRender.app */,
				70F133C11AACF0A600BB4CF9 /* LiveRenderTests.xctest */,
			);
			name = Products;
			sourceTree = "<group>";
		};
		70F133AE1AACF0A600BB4CF9 /* LiveRender */ = {
			isa = PBXGroup;
			children = (
				70F133B11AACF0A600BB4CF9 /* AppDelegate.swift */,
				70F133B31AACF0A600BB4CF9 /* ViewController.swift */,
				70F133B51AACF0A600BB4CF9 /* Main.storyboard */,
				70F133B81AACF0A600BB4CF9 /* Images.xcassets */,
				70F133BA1AACF0A600BB4CF9 /* LaunchScreen.xib */,
				70F133AF1AACF0A600BB4CF9 /* Supporting Files */,
				70F133D11AACF0BD00BB4CF9 /* RenderView.swift */,
			);
			path = LiveRender;
			sourceTree = "<group>";
		};
		70F133AF1AACF0A600BB4CF9 /* Supporting Files */ = {
			isa = PBXGroup;
			children = (
				70F133B01AACF0A600BB4CF9 /* Info.plist */,
			);
			name = "Supporting Files";
			sourceTree = "<group>";
		};
		70F133C41AACF0A600BB4CF9 /* LiveRenderTests */ = {
			isa = PBXGroup;
			children = (
				70F133C71AACF0A600BB4CF9 /* LiveRenderTests.swift */,
				70F133C51AACF0A600BB4CF9 /* Supporting Files */,
			);
			path = LiveRenderTests;
			sourceTree = "<group>";
		};
		70F133C51AACF0A600BB4CF9 /* Supporting Files */ = {
			isa = PBXGroup;
			children = (
				70F133C61AACF0A600BB4CF9 /* Info.plist */,
			);
			name = "Supporting Files";
			sourceTree = "<group>";
		};
/* End PBXGroup section */

/* Begin PBXNativeTarget section */
		70F133AB1AACF0A600BB4CF9 /* LiveRender */ = {
			isa = PBXNativeTarget;
			buildConfigurationList = 70F133CB1AACF0A600BB4CF9 /* Build configuration list for PBXNativeTarget "LiveRender" */;
			buildPhases = (
				70F133A81AACF0A600BB4CF9 /* Sources */,
				70F133A91AACF0A600BB4CF9 /* Frameworks */,
				70F133AA1AACF0A600BB4CF9 /* Resources */,
			);
			buildRules = (
			);
			dependencies = (
			);
			name = LiveRender;
			productName = LiveRender;
			productReference = 70F133AC1AACF0A600BB4CF9 /* LiveRender.app */;
			productType = "com.apple.product-type.application";
		};
		70F133C01AACF0A600BB4CF9 /* LiveRenderTests */ = {
			isa = PBXNativeTarget;
			buildConfigurationList = 70F133CE1AACF0A600BB4CF9 /* Build configuration list for PBXNativeTarget "LiveRenderTests" */;
			buildPhases = (
				70F133BD1AACF0A600BB4CF9 /* Sources */,
				70F133BE1AACF0A600BB4CF9 /* Frameworks */,
				70F133BF1AACF0A600BB4CF9 /* Resources */,
			);
			buildRules = (
			);
			dependencies = (
				70F133C31AACF0A600BB4CF9 /* PBXTargetDependency */,
			);
			name = LiveRenderTests;
			productName = LiveRenderTests;
			productReference = 70F133C11AACF0A600BB4CF9 /* LiveRenderTests.xctest */;
			productType = "com.apple.product-type.bundle.unit-test";
		};
/* End PBXNativeTarget section */

/* Begin PBXProject section */
		70F133A41AACF0A600BB4CF9 /* Project object */ = {
			isa = PBXProject;
			attributes = {
				LastUpgradeCheck = 0630;
				ORGANIZATIONNAME = Yusuke;
				TargetAttributes = {
					70F133AB1AACF0A600BB4CF9 = {
						CreatedOnToolsVersion = 6.3;
						LastSwiftMigration = 0820;
					};
					70F133C01AACF0A600BB4CF9 = {
						CreatedOnToolsVersion = 6.3;
						LastSwiftMigration = 0820;
						TestTargetID = 70F133AB1AACF0A600BB4CF9;
					};
				};
			};
			buildConfigurationList = 70F133A71AACF0A600BB4CF9 /* Build configuration list for PBXProject "LiveRender" */;
			compatibilityVersion = "Xcode 3.2";
			developmentRegion = English;
			hasScannedForEncodings = 0;
			knownRegions = (
				en,
				Base,
			);
			mainGroup = 70F133A31AACF0A600BB4CF9;
			productRefGroup = 70F133AD1AACF0A600BB4CF9 /* Products */;
			projectDirPath = "";
			projectRoot = "";
			targets = (
				70F133AB1AACF0A600BB4CF9 /* LiveRender */,
				70F133C01AACF0A600BB4CF9 /* LiveRenderTests */,
			);
		};
/* End PBXProject section */

/* Begin PBXResourcesBuildPhase section */
		70F133AA1AACF0A600BB4CF9 /* Resources */ = {
			isa = PBXResourcesBuildPhase;
			buildActionMask = 2147483647;
			files = (
				70F133B71AACF0A600BB4CF9 /* Main.storyboard in Resources */,
				70F133BC1AACF0A600BB4CF9 /* LaunchScreen.xib in Resources */,
				70F133B91AACF0A600BB4CF9 /* Images.xcassets in Resources */,
			);
			runOnlyForDeploymentPostprocessing = 0;
		};
		70F133BF1AACF0A600BB4CF9 /* Resources */ = {
			isa = PBXResourcesBuildPhase;
			buildActionMask = 2147483647;
			files = (
			);
			runOnlyForDeploymentPostprocessing = 0;
		};
/* End PBXResourcesBuildPhase section */

/* Begin PBXSourcesBuildPhase section */
		70F133A81AACF0A600BB4CF9 /* Sources */ = {
			isa = PBXSourcesBuildPhase;
			buildActionMask = 2147483647;
			files = (
				70F133B41AACF0A600BB4CF9 /* ViewController.swift in Sources */,
				70F133B21AACF0A600BB4CF9 /* AppDelegate.swift in Sources */,
				70F133D21AACF0BD00BB4CF9 /* RenderView.swift in Sources */,
			);
			runOnlyForDeploymentPostprocessing = 0;
		};
		70F133BD1AACF0A600BB4CF9 /* Sources */ = {
			isa = PBXSourcesBuildPhase;
			buildActionMask = 2147483647;
			files = (
				70F133C81AACF0A600BB4CF9 /* LiveRenderTests.swift in Sources */,
			);
			runOnlyForDeploymentPostprocessing = 0;
		};
/* End PBXSourcesBuildPhase section */

/* Begin PBXTargetDependency section */
		70F133C31AACF0A600BB4CF9 /* PBXTargetDependency */ = {
			isa = PBXTargetDependency;
			target = 70F133AB1AACF0A600BB4CF9 /* LiveRender */;
			targetProxy = 70F133C21AACF0A600BB4CF9 /* PBXContainerItemProxy */;
		};
/* End PBXTargetDependency section */

/* Begin PBXVariantGroup section */
		70F133B51AACF0A600BB4CF9 /* Main.storyboard */ = {
			isa = PBXVariantGroup;
			children = (
				70F133B61AACF0A600BB4CF9 /* Base */,
			);
			name = Main.storyboard;
			sourceTree = "<group>";
		};
		70F133BA1AACF0A600BB4CF9 /* LaunchScreen.xib */ = {
			isa = PBXVariantGroup;
			children = (
				70F133BB1AACF0A600BB4CF9 /* Base */,
			);
			name = LaunchScreen.xib;
			sourceTree = "<group>";
		};
/* End PBXVariantGroup section */

/* Begin XCBuildConfiguration section */
		70F133C91AACF0A600BB4CF9 /* Debug */ = {
			isa = XCBuildConfiguration;
			buildSettings = {
				ALWAYS_SEARCH_USER_PATHS = NO;
				CLANG_CXX_LANGUAGE_STANDARD = "gnu++0x";
				CLANG_CXX_LIBRARY = "libc++";
				CLANG_ENABLE_MODULES = YES;
				CLANG_ENABLE_OBJC_ARC = YES;
				CLANG_WARN_BOOL_CONVERSION = YES;
				CLANG_WARN_CONSTANT_CONVERSION = YES;
				CLANG_WARN_DIRECT_OBJC_ISA_USAGE = YES_ERROR;
				CLANG_WARN_EMPTY_BODY = YES;
				CLANG_WARN_ENUM_CONVERSION = YES;
				CLANG_WARN_INT_CONVERSION = YES;
				CLANG_WARN_OBJC_ROOT_CLASS = YES_ERROR;
				CLANG_WARN_UNREACHABLE_CODE = YES;
				CLANG_WARN__DUPLICATE_METHOD_MATCH = YES;
				"CODE_SIGN_IDENTITY[sdk=iphoneos*]" = "iPhone Developer";
				COPY_PHASE_STRIP = NO;
				DEBUG_INFORMATION_FORMAT = dwarf;
				ENABLE_STRICT_OBJC_MSGSEND = YES;
				GCC_C_LANGUAGE_STANDARD = gnu99;
				GCC_DYNAMIC_NO_PIC = NO;
				GCC_OPTIMIZATION_LEVEL = 0;
				GCC_PREPROCESSOR_DEFINITIONS = (
					"DEBUG=1",
					"$(inherited)",
				);
				GCC_SYMBOLS_PRIVATE_EXTERN = NO;
				GCC_WARN_64_TO_32_BIT_CONVERSION = YES;
				GCC_WARN_ABOUT_RETURN_TYPE = YES_ERROR;
				GCC_WARN_UNDECLARED_SELECTOR = YES;
				GCC_WARN_UNINITIALIZED_AUTOS = YES_AGGRESSIVE;
				GCC_WARN_UNUSED_FUNCTION = YES;
				GCC_WARN_UNUSED_VARIABLE = YES;
				IPHONEOS_DEPLOYMENT_TARGET = 8.3;
				MTL_ENABLE_DEBUG_INFO = YES;
				ONLY_ACTIVE_ARCH = YES;
				SDKROOT = iphoneos;
				SWIFT_OPTIMIZATION_LEVEL = "-Onone";
			};
			name = Debug;
		};
		70F133CA1AACF0A600BB4CF9 /* Release */ = {
			isa = XCBuildConfiguration;
			buildSettings = {
				ALWAYS_SEARCH_USER_PATHS = NO;
				CLANG_CXX_LANGUAGE_STANDARD = "gnu++0x";
				CLANG_CXX_LIBRARY = "libc++";
				CLANG_ENABLE_MODULES = YES;
				CLANG_ENABLE_OBJC_ARC = YES;
				CLANG_WARN_BOOL_CONVERSION = YES;
				CLANG_WARN_CONSTANT_CONVERSION = YES;
				CLANG_WARN_DIRECT_OBJC_ISA_USAGE = YES_ERROR;
				CLANG_WARN_EMPTY_BODY = YES;
				CLANG_WARN_ENUM_CONVERSION = YES;
				CLANG_WARN_INT_CONVERSION = YES;
				CLANG_WARN_OBJC_ROOT_CLASS = YES_ERROR;
				CLANG_WARN_UNREACHABLE_CODE = YES;
				CLANG_WARN__DUPLICATE_METHOD_MATCH = YES;
				"CODE_SIGN_IDENTITY[sdk=iphoneos*]" = "iPhone Developer";
				COPY_PHASE_STRIP = NO;
				DEBUG_INFORMATION_FORMAT = "dwarf-with-dsym";
				ENABLE_NS_ASSERTIONS = NO;
				ENABLE_STRICT_OBJC_MSGSEND = YES;
				GCC_C_LANGUAGE_STANDARD = gnu99;
				GCC_WARN_64_TO_32_BIT_CONVERSION = YES;
				GCC_WARN_ABOUT_RETURN_TYPE = YES_ERROR;
				GCC_WARN_UNDECLARED_SELECTOR = YES;
				GCC_WARN_UNINITIALIZED_AUTOS = YES_AGGRESSIVE;
				GCC_WARN_UNUSED_FUNCTION = YES;
				GCC_WARN_UNUSED_VARIABLE = YES;
				IPHONEOS_DEPLOYMENT_TARGET = 8.3;
				MTL_ENABLE_DEBUG_INFO = NO;
				SDKROOT = iphoneos;
				VALIDATE_PRODUCT = YES;
			};
			name = Release;
		};
		70F133CC1AACF0A600BB4CF9 /* Debug */ = {
			isa = XCBuildConfiguration;
			buildSettings = {
				ASSETCATALOG_COMPILER_APPICON_NAME = AppIcon;
				INFOPLIST_FILE = LiveRender/Info.plist;
				LD_RUNPATH_SEARCH_PATHS = "$(inherited) @executable_path/Frameworks";
				PRODUCT_NAME = "$(TARGET_NAME)";
				SWIFT_VERSION = 3.0;
			};
			name = Debug;
		};
		70F133CD1AACF0A600BB4CF9 /* Release */ = {
			isa = XCBuildConfiguration;
			buildSettings = {
				ASSETCATALOG_COMPILER_APPICON_NAME = AppIcon;
				INFOPLIST_FILE = LiveRender/Info.plist;
				LD_RUNPATH_SEARCH_PATHS = "$(inherited) @executable_path/Frameworks";
				PRODUCT_NAME = "$(TARGET_NAME)";
				SWIFT_VERSION = 3.0;
			};
			name = Release;
		};
		70F133CF1AACF0A600BB4CF9 /* Debug */ = {
			isa = XCBuildConfiguration;
			buildSettings = {
				BUNDLE_LOADER = "$(TEST_HOST)";
				FRAMEWORK_SEARCH_PATHS = (
					"$(SDKROOT)/Developer/Library/Frameworks",
					"$(inherited)",
				);
				GCC_PREPROCESSOR_DEFINITIONS = (
					"DEBUG=1",
					"$(inherited)",
				);
				INFOPLIST_FILE = LiveRenderTests/Info.plist;
				LD_RUNPATH_SEARCH_PATHS = "$(inherited) @executable_path/Frameworks @loader_path/Frameworks";
				PRODUCT_NAME = "$(TARGET_NAME)";
				SWIFT_VERSION = 3.0;
				TEST_HOST = "$(BUILT_PRODUCTS_DIR)/LiveRender.app/LiveRender";
			};
			name = Debug;
		};
		70F133D01AACF0A600BB4CF9 /* Release */ = {
			isa = XCBuildConfiguration;
			buildSettings = {
				BUNDLE_LOADER = "$(TEST_HOST)";
				FRAMEWORK_SEARCH_PATHS = (
					"$(SDKROOT)/Developer/Library/Frameworks",
					"$(inherited)",
				);
				INFOPLIST_FILE = LiveRenderTests/Info.plist;
				LD_RUNPATH_SEARCH_PATHS = "$(inherited) @executable_path/Frameworks @loader_path/Frameworks";
				PRODUCT_NAME = "$(TARGET_NAME)";
				SWIFT_VERSION = 3.0;
				TEST_HOST = "$(BUILT_PRODUCTS_DIR)/LiveRender.app/LiveRender";
			};
			name = Release;
		};
/* End XCBuildConfiguration section */

/* Begin XCConfigurationList section */
		70F133A71AACF0A600BB4CF9 /* Build configuration list for PBXProject "LiveRender" */ = {
			isa = XCConfigurationList;
			buildConfigurations = (
				70F133C91AACF0A600BB4CF9 /* Debug */,
				70F133CA1AACF0A600BB4CF9 /* Release */,
			);
			defaultConfigurationIsVisible = 0;
			defaultConfigurationName = Release;
		};
		70F133CB1AACF0A600BB4CF9 /* Build configuration list for PBXNativeTarget "LiveRender" */ = {
			isa = XCConfigurationList;
			buildConfigurations = (
				70F133CC1AACF0A600BB4CF9 /* Debug */,
				70F133CD1AACF0A600BB4CF9 /* Release */,
			);
			defaultConfigurationIsVisible = 0;
			defaultConfigurationName = Release;
		};
		70F133CE1AACF0A600BB4CF9 /* Build configuration list for PBXNativeTarget "LiveRenderTests" */ = {
			isa = XCConfigurationList;
			buildConfigurations = (
				70F133CF1AACF0A600BB4CF9 /* Debug */,
				70F133D01AACF0A600BB4CF9 /* Release */,
			);
			defaultConfigurationIsVisible = 0;
			defaultConfigurationName = Release;
		};
/* End XCConfigurationList section */
	};
	rootObject = 70F133A41AACF0A600BB4CF9 /* Project object */;
}
